
Microsoft Visual Studio Solution File, Format Version 12.00
# Visual Studio Version 17
VisualStudioVersion = 17.3.32804.467
MinimumVisualStudioVersion = 10.0.40219.1
Project("{FAE04EC0-301F-11D3-BF4B-00C04F79EFBC}") = "Assignment_ClassesAndObjects", "Assignment_ClassesAndObjects\Assignment_ClassesAndObjects.csproj", "{EC0D739D-C52F-44ED-B083-3DEF586B60E0}"
EndProject
Global
	GlobalSection(SolutionConfigurationPlatforms) = preSolution
		Debug|Any CPU = Debug|Any CPU
		Release|Any CPU = Release|Any CPU
	EndGlobalSection
	GlobalSection(ProjectConfigurationPlatforms) = postSolution
		{EC0D739D-C52F-44ED-B083-3DEF586B60E0}.Debug|Any CPU.ActiveCfg = Debug|Any CPU
		{EC0D739D-C52F-44ED-B083-3DEF586B60E0}.Debug|Any CPU.Build.0 = Debug|Any CPU
		{EC0D739D-C52F-44ED-B083-3DEF586B60E0}.Release|Any CPU.ActiveCfg = Release|Any CPU
		{EC0D739D-C52F-44ED-B083-3DEF586B60E0}.Release|Any CPU.Build.0 = Release|Any CPU
	EndGlobalSection
	GlobalSection(SolutionProperties) = preSolution
		HideSolutionNode = FALSE
	EndGlobalSection
	GlobalSection(ExtensibilityGlobals) = postSolution
		SolutionGuid = {038A7AC1-BFB2-457A-B00A-5695B4F50BCE}
	EndGlobalSection
EndGlobal
